
Microsoft Visual Studio Solution File, Format Version 12.00
# Visual Studio 2012
Project("{FAE04EC0-301F-11D3-BF4B-00C04F79EFBC}") = "MASFileViewer", "MASFileViewer\MASFileViewer.csproj", "{579B0D40-D5B6-4A03-9A5D-376A2294563F}"
EndProject
Global
	GlobalSection(SolutionConfigurationPlatforms) = preSolution
		Debug|Any CPU = Debug|Any CPU
		Release|Any CPU = Release|Any CPU
	EndGlobalSection
	GlobalSection(ProjectConfigurationPlatforms) = postSolution
		{579B0D40-D5B6-4A03-9A5D-376A2294563F}.Debug|Any CPU.ActiveCfg = Debug|Any CPU
		{579B0D40-D5B6-4A03-9A5D-376A2294563F}.Debug|Any CPU.Build.0 = Debug|Any CPU
		{579B0D40-D5B6-4A03-9A5D-376A2294563F}.Release|Any CPU.ActiveCfg = Release|Any CPU
		{579B0D40-D5B6-4A03-9A5D-376A2294563F}.Release|Any CPU.Build.0 = Release|Any CPU
	EndGlobalSection
	GlobalSection(SolutionProperties) = preSolution
		HideSolutionNode = FALSE
	EndGlobalSection
EndGlobal
